
Microsoft Visual Studio Solution File, Format Version 12.00
# Visual Studio Version 17
VisualStudioVersion = 17.0.31903.59
MinimumVisualStudioVersion = 10.0.40219.1
Project("{FAE04EC0-301F-11D3-BF4B-00C04F79EFBC}") = "CalcularAreadeumTrapezio", "CalcularAreadeumTrapezio\CalcularAreadeumTrapezio.csproj", "{7BDBCF61-AEBC-4D23-9934-D459F4C578C1}"
EndProject
Project("{FAE04EC0-301F-11D3-BF4B-00C04F79EFBC}") = "Casting", "Casting\Casting.csproj", "{CA053976-E86A-440B-9D4C-DA6333E3E957}"
EndProject
Project("{FAE04EC0-301F-11D3-BF4B-00C04F79EFBC}") = "EntradadeDados_2", "EntradadeDados_2\EntradadeDados_2.csproj", "{DDE467B1-3645-4F31-9C82-0C32D0675A4C}"
EndProject
Project("{FAE04EC0-301F-11D3-BF4B-00C04F79EFBC}") = "Exemplo", "Exemplo\Exemplo.csproj", "{91E94BAE-C7CA-4F45-93AD-C9D7D3BC1E5C}"
EndProject
Project("{FAE04EC0-301F-11D3-BF4B-00C04F79EFBC}") = "Exercício_EntradaDados", "Exercício_EntradaDados\Exercício_EntradaDados.csproj", "{18C5F5B6-9D4D-4F22-AF60-A7F15A4F2895}"
EndProject
Project("{FAE04EC0-301F-11D3-BF4B-00C04F79EFBC}") = "Funções_Matemáticas", "Funções_Matemáticas\Funções_Matemáticas.csproj", "{63E3D0A3-E1C2-4173-9454-43206AD73381}"
EndProject
Project("{FAE04EC0-301F-11D3-BF4B-00C04F79EFBC}") = "Exercicio_CalcularArea", "Exercicio_CalcularArea\Exercicio_CalcularArea.csproj", "{F426AAAD-9BAD-47DC-9F76-8538932DE68D}"
EndProject
Project("{FAE04EC0-301F-11D3-BF4B-00C04F79EFBC}") = "Exercicio_CalcularArea2", "Exercicio_CalcularArea2\Exercicio_CalcularArea2.csproj", "{87065619-3E89-4888-84E7-AFB9782BEB1E}"
EndProject
Project("{FAE04EC0-301F-11D3-BF4B-00C04F79EFBC}") = "Exercicio_Mediadeidades", "Exercicio_Mediadeidades\Exercicio_Mediadeidades.csproj", "{5A9F6390-77C9-4CA1-B5F3-4FCAB4C11B39}"
EndProject
Project("{FAE04EC0-301F-11D3-BF4B-00C04F79EFBC}") = "Exercicio_Data", "Exercicio_Data\Exercicio_Data.csproj", "{6F39C43D-C7F7-47A6-8805-361AC1CCB0C8}"
EndProject
Project("{FAE04EC0-301F-11D3-BF4B-00C04F79EFBC}") = "Estrutura_Condicional_1", "Estrutura_Condicional_1\Estrutura_Condicional_1.csproj", "{1A765BE0-4A9C-4E90-AE2F-A5D86BC3882B}"
EndProject
Project("{FAE04EC0-301F-11D3-BF4B-00C04F79EFBC}") = "Estrutura_Condicional_2", "Estrutura_Condicional_2\Estrutura_Condicional_2.csproj", "{5314966B-180C-4BB9-B5D0-FAFF75B3B6B1}"
EndProject
Project("{FAE04EC0-301F-11D3-BF4B-00C04F79EFBC}") = "Estrutura_Condicional_3", "Estrutura_Condicional_3\Estrutura_Condicional_3.csproj", "{278BE82B-BD91-4062-9553-898001337186}"
EndProject
Project("{FAE04EC0-301F-11D3-BF4B-00C04F79EFBC}") = "Estrutura_Condicional_4", "Estrutura_Condicional_4\Estrutura_Condicional_4.csproj", "{311953C8-AE7D-4629-B23B-E286B9B05219}"
EndProject
Project("{FAE04EC0-301F-11D3-BF4B-00C04F79EFBC}") = "Estrutura_Condicional_5", "Estrutura_Condicional_5\Estrutura_Condicional_5.csproj", "{6A3C3E59-8DC8-458A-8EBB-ED87511810D3}"
EndProject
Project("{FAE04EC0-301F-11D3-BF4B-00C04F79EFBC}") = "Estrutura_Condiconal_6_Switch-case", "Estrutura_Condiconal_6_Switch-case\Estrutura_Condiconal_6_Switch-case.csproj", "{D270E5E2-3E6E-4345-95EC-27BCCA1A21AF}"
EndProject
Project("{FAE04EC0-301F-11D3-BF4B-00C04F79EFBC}") = "Estrutura_Condicional_7_Judge", "Estrutura_Condicional_7_Judge\Estrutura_Condicional_7_Judge.csproj", "{10198E65-15D3-46A0-BACD-9282D34B50AA}"
EndProject
Project("{FAE04EC0-301F-11D3-BF4B-00C04F79EFBC}") = "Estrutura_Condicional_8_Judge", "Estrutura_Condicional_8_Judge\Estrutura_Condicional_8_Judge.csproj", "{C85F40EC-8CC8-48B3-BCDA-2E51F9163C63}"
EndProject
Project("{FAE04EC0-301F-11D3-BF4B-00C04F79EFBC}") = "Estrutura_Condicional_9_Judge", "Estrutura_Condicional_9_Judge\Estrutura_Condicional_9_Judge.csproj", "{4E6C7AE1-4F72-44B6-A446-ED620E8F945F}"
EndProject
Project("{FAE04EC0-301F-11D3-BF4B-00C04F79EFBC}") = "Estrutura_Condiconal_10_While", "Estrutura_Condiconal_10_While\Estrutura_Condiconal_10_While.csproj", "{7375CE19-62B9-4D50-9815-E1E1F6BE9ABD}"
EndProject
Project("{FAE04EC0-301F-11D3-BF4B-00C04F79EFBC}") = "Estrutura_While", "Estrutura_While\Estrutura_While.csproj", "{204C18BC-61F1-4B29-9ADC-6C9FCC358428}"
EndProject
Project("{FAE04EC0-301F-11D3-BF4B-00C04F79EFBC}") = "Estrutura_While_2", "Estrutura_While_2\Estrutura_While_2.csproj", "{62BB1200-BB94-4E9C-99BE-07ADE07E2575}"
EndProject
Project("{FAE04EC0-301F-11D3-BF4B-00C04F79EFBC}") = "Estrutura_Whie_3", "Estrutura_Whie_3\Estrutura_Whie_3.csproj", "{700CBC7A-B6CB-4DE8-9158-AD838EF4785C}"
EndProject
Project("{FAE04EC0-301F-11D3-BF4B-00C04F79EFBC}") = "Estrutura_For", "Estrutura_For\Estrutura_For.csproj", "{C58A53F9-BE83-45F4-9AD1-775B96CF95BF}"
EndProject
Project("{FAE04EC0-301F-11D3-BF4B-00C04F79EFBC}") = "Estrutura_For_1", "Estrutura_For_1\Estrutura_For_1.csproj", "{E47ADB29-B3CC-4D71-B7B7-AB62FC666947}"
EndProject
Project("{FAE04EC0-301F-11D3-BF4B-00C04F79EFBC}") = "Estrutura_For_2", "Estrutura_For_2\Estrutura_For_2.csproj", "{79B3B9A7-F86D-4C97-BE67-9DB31D5759DB}"
EndProject
Project("{FAE04EC0-301F-11D3-BF4B-00C04F79EFBC}") = "Estrutura_DoWhile", "Estrutura_DoWhile\Estrutura_DoWhile.csproj", "{1A8BEE67-4925-42F7-8D46-69DFF00C655E}"
EndProject
Project("{FAE04EC0-301F-11D3-BF4B-00C04F79EFBC}") = "Estrutura_Vetor", "Estrutura_Vetor\Estrutura_Vetor.csproj", "{FAFCA185-BBEE-4365-8145-8EE964A1C75F}"
EndProject
Project("{FAE04EC0-301F-11D3-BF4B-00C04F79EFBC}") = "Estrutura_Vetor_2", "Estrututa_Vetor_2\Estrututa_Vetor_2.csproj", "{F3A4256F-5A6A-4A97-B5B5-BF0F04B4C42A}"
EndProject
Project("{FAE04EC0-301F-11D3-BF4B-00C04F79EFBC}") = "Estruturaa_Vetor_3", "Estrututra_Vetor_3\Estrututra_Vetor_3.csproj", "{EE5CA606-583C-4789-8F17-0E66205A8CC6}"
EndProject
Project("{FAE04EC0-301F-11D3-BF4B-00C04F79EFBC}") = "Estrutura_Vetor_4", "Estrutura_Vetor_4\Estrutura_Vetor_4.csproj", "{662C422D-07DB-45DB-8F15-A5D191A1D5D8}"
EndProject
Global
	GlobalSection(SolutionConfigurationPlatforms) = preSolution
		Debug|Any CPU = Debug|Any CPU
		Release|Any CPU = Release|Any CPU
	EndGlobalSection
	GlobalSection(SolutionProperties) = preSolution
		HideSolutionNode = FALSE
	EndGlobalSection
	GlobalSection(ProjectConfigurationPlatforms) = postSolution
		{7BDBCF61-AEBC-4D23-9934-D459F4C578C1}.Debug|Any CPU.ActiveCfg = Debug|Any CPU
		{7BDBCF61-AEBC-4D23-9934-D459F4C578C1}.Debug|Any CPU.Build.0 = Debug|Any CPU
		{7BDBCF61-AEBC-4D23-9934-D459F4C578C1}.Release|Any CPU.ActiveCfg = Release|Any CPU
		{7BDBCF61-AEBC-4D23-9934-D459F4C578C1}.Release|Any CPU.Build.0 = Release|Any CPU
		{CA053976-E86A-440B-9D4C-DA6333E3E957}.Debug|Any CPU.ActiveCfg = Debug|Any CPU
		{CA053976-E86A-440B-9D4C-DA6333E3E957}.Debug|Any CPU.Build.0 = Debug|Any CPU
		{CA053976-E86A-440B-9D4C-DA6333E3E957}.Release|Any CPU.ActiveCfg = Release|Any CPU
		{CA053976-E86A-440B-9D4C-DA6333E3E957}.Release|Any CPU.Build.0 = Release|Any CPU
		{DDE467B1-3645-4F31-9C82-0C32D0675A4C}.Debug|Any CPU.ActiveCfg = Debug|Any CPU
		{DDE467B1-3645-4F31-9C82-0C32D0675A4C}.Debug|Any CPU.Build.0 = Debug|Any CPU
		{DDE467B1-3645-4F31-9C82-0C32D0675A4C}.Release|Any CPU.ActiveCfg = Release|Any CPU
		{DDE467B1-3645-4F31-9C82-0C32D0675A4C}.Release|Any CPU.Build.0 = Release|Any CPU
		{91E94BAE-C7CA-4F45-93AD-C9D7D3BC1E5C}.Debug|Any CPU.ActiveCfg = Debug|Any CPU
		{91E94BAE-C7CA-4F45-93AD-C9D7D3BC1E5C}.Debug|Any CPU.Build.0 = Debug|Any CPU
		{91E94BAE-C7CA-4F45-93AD-C9D7D3BC1E5C}.Release|Any CPU.ActiveCfg = Release|Any CPU
		{91E94BAE-C7CA-4F45-93AD-C9D7D3BC1E5C}.Release|Any CPU.Build.0 = Release|Any CPU
		{18C5F5B6-9D4D-4F22-AF60-A7F15A4F2895}.Debug|Any CPU.ActiveCfg = Debug|Any CPU
		{18C5F5B6-9D4D-4F22-AF60-A7F15A4F2895}.Debug|Any CPU.Build.0 = Debug|Any CPU
		{18C5F5B6-9D4D-4F22-AF60-A7F15A4F2895}.Release|Any CPU.ActiveCfg = Release|Any CPU
		{18C5F5B6-9D4D-4F22-AF60-A7F15A4F2895}.Release|Any CPU.Build.0 = Release|Any CPU
		{63E3D0A3-E1C2-4173-9454-43206AD73381}.Debug|Any CPU.ActiveCfg = Debug|Any CPU
		{63E3D0A3-E1C2-4173-9454-43206AD73381}.Debug|Any CPU.Build.0 = Debug|Any CPU
		{63E3D0A3-E1C2-4173-9454-43206AD73381}.Release|Any CPU.ActiveCfg = Release|Any CPU
		{63E3D0A3-E1C2-4173-9454-43206AD73381}.Release|Any CPU.Build.0 = Release|Any CPU
		{F426AAAD-9BAD-47DC-9F76-8538932DE68D}.Debug|Any CPU.ActiveCfg = Debug|Any CPU
		{F426AAAD-9BAD-47DC-9F76-8538932DE68D}.Debug|Any CPU.Build.0 = Debug|Any CPU
		{F426AAAD-9BAD-47DC-9F76-8538932DE68D}.Release|Any CPU.ActiveCfg = Release|Any CPU
		{F426AAAD-9BAD-47DC-9F76-8538932DE68D}.Release|Any CPU.Build.0 = Release|Any CPU
		{87065619-3E89-4888-84E7-AFB9782BEB1E}.Debug|Any CPU.ActiveCfg = Debug|Any CPU
		{87065619-3E89-4888-84E7-AFB9782BEB1E}.Debug|Any CPU.Build.0 = Debug|Any CPU
		{87065619-3E89-4888-84E7-AFB9782BEB1E}.Release|Any CPU.ActiveCfg = Release|Any CPU
		{87065619-3E89-4888-84E7-AFB9782BEB1E}.Release|Any CPU.Build.0 = Release|Any CPU
		{5A9F6390-77C9-4CA1-B5F3-4FCAB4C11B39}.Debug|Any CPU.ActiveCfg = Debug|Any CPU
		{5A9F6390-77C9-4CA1-B5F3-4FCAB4C11B39}.Debug|Any CPU.Build.0 = Debug|Any CPU
		{5A9F6390-77C9-4CA1-B5F3-4FCAB4C11B39}.Release|Any CPU.ActiveCfg = Release|Any CPU
		{5A9F6390-77C9-4CA1-B5F3-4FCAB4C11B39}.Release|Any CPU.Build.0 = Release|Any CPU
		{6F39C43D-C7F7-47A6-8805-361AC1CCB0C8}.Debug|Any CPU.ActiveCfg = Debug|Any CPU
		{6F39C43D-C7F7-47A6-8805-361AC1CCB0C8}.Debug|Any CPU.Build.0 = Debug|Any CPU
		{6F39C43D-C7F7-47A6-8805-361AC1CCB0C8}.Release|Any CPU.ActiveCfg = Release|Any CPU
		{6F39C43D-C7F7-47A6-8805-361AC1CCB0C8}.Release|Any CPU.Build.0 = Release|Any CPU
		{1A765BE0-4A9C-4E90-AE2F-A5D86BC3882B}.Debug|Any CPU.ActiveCfg = Debug|Any CPU
		{1A765BE0-4A9C-4E90-AE2F-A5D86BC3882B}.Debug|Any CPU.Build.0 = Debug|Any CPU
		{1A765BE0-4A9C-4E90-AE2F-A5D86BC3882B}.Release|Any CPU.ActiveCfg = Release|Any CPU
		{1A765BE0-4A9C-4E90-AE2F-A5D86BC3882B}.Release|Any CPU.Build.0 = Release|Any CPU
		{5314966B-180C-4BB9-B5D0-FAFF75B3B6B1}.Debug|Any CPU.ActiveCfg = Debug|Any CPU
		{5314966B-180C-4BB9-B5D0-FAFF75B3B6B1}.Debug|Any CPU.Build.0 = Debug|Any CPU
		{5314966B-180C-4BB9-B5D0-FAFF75B3B6B1}.Release|Any CPU.ActiveCfg = Release|Any CPU
		{5314966B-180C-4BB9-B5D0-FAFF75B3B6B1}.Release|Any CPU.Build.0 = Release|Any CPU
		{278BE82B-BD91-4062-9553-898001337186}.Debug|Any CPU.ActiveCfg = Debug|Any CPU
		{278BE82B-BD91-4062-9553-898001337186}.Debug|Any CPU.Build.0 = Debug|Any CPU
		{278BE82B-BD91-4062-9553-898001337186}.Release|Any CPU.ActiveCfg = Release|Any CPU
		{278BE82B-BD91-4062-9553-898001337186}.Release|Any CPU.Build.0 = Release|Any CPU
		{311953C8-AE7D-4629-B23B-E286B9B05219}.Debug|Any CPU.ActiveCfg = Debug|Any CPU
		{311953C8-AE7D-4629-B23B-E286B9B05219}.Debug|Any CPU.Build.0 = Debug|Any CPU
		{311953C8-AE7D-4629-B23B-E286B9B05219}.Release|Any CPU.ActiveCfg = Release|Any CPU
		{311953C8-AE7D-4629-B23B-E286B9B05219}.Release|Any CPU.Build.0 = Release|Any CPU
		{6A3C3E59-8DC8-458A-8EBB-ED87511810D3}.Debug|Any CPU.ActiveCfg = Debug|Any CPU
		{6A3C3E59-8DC8-458A-8EBB-ED87511810D3}.Debug|Any CPU.Build.0 = Debug|Any CPU
		{6A3C3E59-8DC8-458A-8EBB-ED87511810D3}.Release|Any CPU.ActiveCfg = Release|Any CPU
		{6A3C3E59-8DC8-458A-8EBB-ED87511810D3}.Release|Any CPU.Build.0 = Release|Any CPU
		{D270E5E2-3E6E-4345-95EC-27BCCA1A21AF}.Debug|Any CPU.ActiveCfg = Debug|Any CPU
		{D270E5E2-3E6E-4345-95EC-27BCCA1A21AF}.Debug|Any CPU.Build.0 = Debug|Any CPU
		{D270E5E2-3E6E-4345-95EC-27BCCA1A21AF}.Release|Any CPU.ActiveCfg = Release|Any CPU
		{D270E5E2-3E6E-4345-95EC-27BCCA1A21AF}.Release|Any CPU.Build.0 = Release|Any CPU
		{10198E65-15D3-46A0-BACD-9282D34B50AA}.Debug|Any CPU.ActiveCfg = Debug|Any CPU
		{10198E65-15D3-46A0-BACD-9282D34B50AA}.Debug|Any CPU.Build.0 = Debug|Any CPU
		{10198E65-15D3-46A0-BACD-9282D34B50AA}.Release|Any CPU.ActiveCfg = Release|Any CPU
		{10198E65-15D3-46A0-BACD-9282D34B50AA}.Release|Any CPU.Build.0 = Release|Any CPU
		{C85F40EC-8CC8-48B3-BCDA-2E51F9163C63}.Debug|Any CPU.ActiveCfg = Debug|Any CPU
		{C85F40EC-8CC8-48B3-BCDA-2E51F9163C63}.Debug|Any CPU.Build.0 = Debug|Any CPU
		{C85F40EC-8CC8-48B3-BCDA-2E51F9163C63}.Release|Any CPU.ActiveCfg = Release|Any CPU
		{C85F40EC-8CC8-48B3-BCDA-2E51F9163C63}.Release|Any CPU.Build.0 = Release|Any CPU
		{4E6C7AE1-4F72-44B6-A446-ED620E8F945F}.Debug|Any CPU.ActiveCfg = Debug|Any CPU
		{4E6C7AE1-4F72-44B6-A446-ED620E8F945F}.Debug|Any CPU.Build.0 = Debug|Any CPU
		{4E6C7AE1-4F72-44B6-A446-ED620E8F945F}.Release|Any CPU.ActiveCfg = Release|Any CPU
		{4E6C7AE1-4F72-44B6-A446-ED620E8F945F}.Release|Any CPU.Build.0 = Release|Any CPU
		{7375CE19-62B9-4D50-9815-E1E1F6BE9ABD}.Debug|Any CPU.ActiveCfg = Debug|Any CPU
		{7375CE19-62B9-4D50-9815-E1E1F6BE9ABD}.Debug|Any CPU.Build.0 = Debug|Any CPU
		{7375CE19-62B9-4D50-9815-E1E1F6BE9ABD}.Release|Any CPU.ActiveCfg = Release|Any CPU
		{7375CE19-62B9-4D50-9815-E1E1F6BE9ABD}.Release|Any CPU.Build.0 = Release|Any CPU
		{204C18BC-61F1-4B29-9ADC-6C9FCC358428}.Debug|Any CPU.ActiveCfg = Debug|Any CPU
		{204C18BC-61F1-4B29-9ADC-6C9FCC358428}.Debug|Any CPU.Build.0 = Debug|Any CPU
		{204C18BC-61F1-4B29-9ADC-6C9FCC358428}.Release|Any CPU.ActiveCfg = Release|Any CPU
		{204C18BC-61F1-4B29-9ADC-6C9FCC358428}.Release|Any CPU.Build.0 = Release|Any CPU
		{62BB1200-BB94-4E9C-99BE-07ADE07E2575}.Debug|Any CPU.ActiveCfg = Debug|Any CPU
		{62BB1200-BB94-4E9C-99BE-07ADE07E2575}.Debug|Any CPU.Build.0 = Debug|Any CPU
		{62BB1200-BB94-4E9C-99BE-07ADE07E2575}.Release|Any CPU.ActiveCfg = Release|Any CPU
		{62BB1200-BB94-4E9C-99BE-07ADE07E2575}.Release|Any CPU.Build.0 = Release|Any CPU
		{700CBC7A-B6CB-4DE8-9158-AD838EF4785C}.Debug|Any CPU.ActiveCfg = Debug|Any CPU
		{700CBC7A-B6CB-4DE8-9158-AD838EF4785C}.Debug|Any CPU.Build.0 = Debug|Any CPU
		{700CBC7A-B6CB-4DE8-9158-AD838EF4785C}.Release|Any CPU.ActiveCfg = Release|Any CPU
		{700CBC7A-B6CB-4DE8-9158-AD838EF4785C}.Release|Any CPU.Build.0 = Release|Any CPU
		{C58A53F9-BE83-45F4-9AD1-775B96CF95BF}.Debug|Any CPU.ActiveCfg = Debug|Any CPU
		{C58A53F9-BE83-45F4-9AD1-775B96CF95BF}.Debug|Any CPU.Build.0 = Debug|Any CPU
		{C58A53F9-BE83-45F4-9AD1-775B96CF95BF}.Release|Any CPU.ActiveCfg = Release|Any CPU
		{C58A53F9-BE83-45F4-9AD1-775B96CF95BF}.Release|Any CPU.Build.0 = Release|Any CPU
		{E47ADB29-B3CC-4D71-B7B7-AB62FC666947}.Debug|Any CPU.ActiveCfg = Debug|Any CPU
		{E47ADB29-B3CC-4D71-B7B7-AB62FC666947}.Debug|Any CPU.Build.0 = Debug|Any CPU
		{E47ADB29-B3CC-4D71-B7B7-AB62FC666947}.Release|Any CPU.ActiveCfg = Release|Any CPU
		{E47ADB29-B3CC-4D71-B7B7-AB62FC666947}.Release|Any CPU.Build.0 = Release|Any CPU
		{79B3B9A7-F86D-4C97-BE67-9DB31D5759DB}.Debug|Any CPU.ActiveCfg = Debug|Any CPU
		{79B3B9A7-F86D-4C97-BE67-9DB31D5759DB}.Debug|Any CPU.Build.0 = Debug|Any CPU
		{79B3B9A7-F86D-4C97-BE67-9DB31D5759DB}.Release|Any CPU.ActiveCfg = Release|Any CPU
		{79B3B9A7-F86D-4C97-BE67-9DB31D5759DB}.Release|Any CPU.Build.0 = Release|Any CPU
		{1A8BEE67-4925-42F7-8D46-69DFF00C655E}.Debug|Any CPU.ActiveCfg = Debug|Any CPU
		{1A8BEE67-4925-42F7-8D46-69DFF00C655E}.Debug|Any CPU.Build.0 = Debug|Any CPU
		{1A8BEE67-4925-42F7-8D46-69DFF00C655E}.Release|Any CPU.ActiveCfg = Release|Any CPU
		{1A8BEE67-4925-42F7-8D46-69DFF00C655E}.Release|Any CPU.Build.0 = Release|Any CPU
		{FAFCA185-BBEE-4365-8145-8EE964A1C75F}.Debug|Any CPU.ActiveCfg = Debug|Any CPU
		{FAFCA185-BBEE-4365-8145-8EE964A1C75F}.Debug|Any CPU.Build.0 = Debug|Any CPU
		{FAFCA185-BBEE-4365-8145-8EE964A1C75F}.Release|Any CPU.ActiveCfg = Release|Any CPU
		{FAFCA185-BBEE-4365-8145-8EE964A1C75F}.Release|Any CPU.Build.0 = Release|Any CPU
		{F3A4256F-5A6A-4A97-B5B5-BF0F04B4C42A}.Debug|Any CPU.ActiveCfg = Debug|Any CPU
		{F3A4256F-5A6A-4A97-B5B5-BF0F04B4C42A}.Debug|Any CPU.Build.0 = Debug|Any CPU
		{F3A4256F-5A6A-4A97-B5B5-BF0F04B4C42A}.Release|Any CPU.ActiveCfg = Release|Any CPU
		{F3A4256F-5A6A-4A97-B5B5-BF0F04B4C42A}.Release|Any CPU.Build.0 = Release|Any CPU
		{EE5CA606-583C-4789-8F17-0E66205A8CC6}.Debug|Any CPU.ActiveCfg = Debug|Any CPU
		{EE5CA606-583C-4789-8F17-0E66205A8CC6}.Debug|Any CPU.Build.0 = Debug|Any CPU
		{EE5CA606-583C-4789-8F17-0E66205A8CC6}.Release|Any CPU.ActiveCfg = Release|Any CPU
		{EE5CA606-583C-4789-8F17-0E66205A8CC6}.Release|Any CPU.Build.0 = Release|Any CPU
		{662C422D-07DB-45DB-8F15-A5D191A1D5D8}.Debug|Any CPU.ActiveCfg = Debug|Any CPU
		{662C422D-07DB-45DB-8F15-A5D191A1D5D8}.Debug|Any CPU.Build.0 = Debug|Any CPU
		{662C422D-07DB-45DB-8F15-A5D191A1D5D8}.Release|Any CPU.ActiveCfg = Release|Any CPU
		{662C422D-07DB-45DB-8F15-A5D191A1D5D8}.Release|Any CPU.Build.0 = Release|Any CPU
	EndGlobalSection
EndGlobal
